// !$*UTF8*$!
{
	archiveVersion = 1;
	classes = {
	};
	objectVersion = 55;
	objects = {

/* Begin PBXBuildFile section */
		1E12D43F286AD64D00E8A57B /* String+Extensions.swift in Sources */ = {isa = PBXBuildFile; fileRef = 1E12D43E286AD64D00E8A57B /* String+Extensions.swift */; };
		1E12D443286AD75800E8A57B /* Localizable.strings in Resources */ = {isa = PBXBuildFile; fileRef = 1E12D445286AD75800E8A57B /* Localizable.strings */; };
		1E12D449286AF22000E8A57B /* NFCHelper.swift in Sources */ = {isa = PBXBuildFile; fileRef = 1E12D448286AF22000E8A57B /* NFCHelper.swift */; };
		1E321B472876C43500F88F32 /* background.png in Resources */ = {isa = PBXBuildFile; fileRef = 1E321B462876C43500F88F32 /* background.png */; };
		1E321B492876C63100F88F32 /* welcome.png in Resources */ = {isa = PBXBuildFile; fileRef = 1E321B482876C63000F88F32 /* welcome.png */; };
		1E321B552876D38B00F88F32 /* WalkthroughViewController.swift in Sources */ = {isa = PBXBuildFile; fileRef = 1E321B542876D38B00F88F32 /* WalkthroughViewController.swift */; };
		1E321B69287707EA00F88F32 /* route-animated.gif in Resources */ = {isa = PBXBuildFile; fileRef = 1E321B64287707EA00F88F32 /* route-animated.gif */; };
		1E321B6A287707EA00F88F32 /* balance-animated.gif in Resources */ = {isa = PBXBuildFile; fileRef = 1E321B65287707EA00F88F32 /* balance-animated.gif */; };
		1E321B6B287707EA00F88F32 /* bus-animated.gif in Resources */ = {isa = PBXBuildFile; fileRef = 1E321B66287707EA00F88F32 /* bus-animated.gif */; };
		1E321B6C287707EA00F88F32 /* school-bus-animated.gif in Resources */ = {isa = PBXBuildFile; fileRef = 1E321B67287707EA00F88F32 /* school-bus-animated.gif */; };
		1E321B6D287707EA00F88F32 /* home-animated.gif in Resources */ = {isa = PBXBuildFile; fileRef = 1E321B68287707EA00F88F32 /* home-animated.gif */; };
		1E321B73287708DA00F88F32 /* Walk 2.png in Resources */ = {isa = PBXBuildFile; fileRef = 1E321B6E287708DA00F88F32 /* Walk 2.png */; };
		1E321B74287708DA00F88F32 /* Walk 4.png in Resources */ = {isa = PBXBuildFile; fileRef = 1E321B6F287708DA00F88F32 /* Walk 4.png */; };
		1E321B75287708DA00F88F32 /* Walk 5.png in Resources */ = {isa = PBXBuildFile; fileRef = 1E321B70287708DA00F88F32 /* Walk 5.png */; };
		1E321B76287708DA00F88F32 /* Walk 1.png in Resources */ = {isa = PBXBuildFile; fileRef = 1E321B71287708DA00F88F32 /* Walk 1.png */; };
		1E321B77287708DA00F88F32 /* Walk 3.png in Resources */ = {isa = PBXBuildFile; fileRef = 1E321B72287708DA00F88F32 /* Walk 3.png */; };
		1E321B792877093D00F88F32 /* slide-animated.gif in Resources */ = {isa = PBXBuildFile; fileRef = 1E321B782877093C00F88F32 /* slide-animated.gif */; };
		1E321B7B287724E200F88F32 /* balloons-animated.gif in Resources */ = {isa = PBXBuildFile; fileRef = 1E321B7A287724E200F88F32 /* balloons-animated.gif */; };
		1E326DE4286DE14E00AA6EB2 /* BusServices.swift in Sources */ = {isa = PBXBuildFile; fileRef = 1E326DE3286DE14E00AA6EB2 /* BusServices.swift */; };
		1E326DE6286DE23E00AA6EB2 /* BusServicesViewModel.swift in Sources */ = {isa = PBXBuildFile; fileRef = 1E326DE5286DE23E00AA6EB2 /* BusServicesViewModel.swift */; };
		1E326DE8286DE2A800AA6EB2 /* BusServicesService.swift in Sources */ = {isa = PBXBuildFile; fileRef = 1E326DE7286DE2A800AA6EB2 /* BusServicesService.swift */; };
		1E33E21628893F5300624C27 /* credit-card.png in Resources */ = {isa = PBXBuildFile; fileRef = 1E33E21528893F5300624C27 /* credit-card.png */; };
		1E33E21A28896BB900624C27 /* BusAnnotationView.swift in Sources */ = {isa = PBXBuildFile; fileRef = 1E33E21928896BB900624C27 /* BusAnnotationView.swift */; };
		1E4CA901286EE75C001F5B6A /* RouteDetailsViewController.swift in Sources */ = {isa = PBXBuildFile; fileRef = 1E4CA900286EE75B001F5B6A /* RouteDetailsViewController.swift */; };
		1E6081CC2887E35E00B69850 /* RouteDetailsViewModel.swift in Sources */ = {isa = PBXBuildFile; fileRef = 1E6081CB2887E35E00B69850 /* RouteDetailsViewModel.swift */; };
		1E62B762286B2CA200CD9F08 /* UITextField+Extension.swift in Sources */ = {isa = PBXBuildFile; fileRef = 1E62B761286B2CA200CD9F08 /* UITextField+Extension.swift */; };
		1E62B764286B318800CD9F08 /* LiveVehicleLocation.swift in Sources */ = {isa = PBXBuildFile; fileRef = 1E62B763286B318800CD9F08 /* LiveVehicleLocation.swift */; };
		1E62B766286B342600CD9F08 /* LiveVehicleLocationsService.swift in Sources */ = {isa = PBXBuildFile; fileRef = 1E62B765286B342600CD9F08 /* LiveVehicleLocationsService.swift */; };
		1E62B768286B399400CD9F08 /* LiveVehicleLocationsViewModel.swift in Sources */ = {isa = PBXBuildFile; fileRef = 1E62B767286B399400CD9F08 /* LiveVehicleLocationsViewModel.swift */; };
		1E6793B72869971C00ADEE4B /* AppDelegate.swift in Sources */ = {isa = PBXBuildFile; fileRef = 1E6793B62869971C00ADEE4B /* AppDelegate.swift */; };
		1E6793B92869971C00ADEE4B /* SceneDelegate.swift in Sources */ = {isa = PBXBuildFile; fileRef = 1E6793B82869971C00ADEE4B /* SceneDelegate.swift */; };
		1E6793C32869971D00ADEE4B /* Assets.xcassets in Resources */ = {isa = PBXBuildFile; fileRef = 1E6793C22869971D00ADEE4B /* Assets.xcassets */; };
		1E6793C62869971D00ADEE4B /* LaunchScreen.storyboard in Resources */ = {isa = PBXBuildFile; fileRef = 1E6793C42869971D00ADEE4B /* LaunchScreen.storyboard */; };
		1E6793D62869C8A700ADEE4B /* HomepageViewController.swift in Sources */ = {isa = PBXBuildFile; fileRef = 1E6793D52869C8A700ADEE4B /* HomepageViewController.swift */; };
		1E6793D82869C8DD00ADEE4B /* AccountSettingsViewController.swift in Sources */ = {isa = PBXBuildFile; fileRef = 1E6793D72869C8DD00ADEE4B /* AccountSettingsViewController.swift */; };
		1E6793DA2869C8FF00ADEE4B /* LanguagePreferencesViewController.swift in Sources */ = {isa = PBXBuildFile; fileRef = 1E6793D92869C8FF00ADEE4B /* LanguagePreferencesViewController.swift */; };
		1E6793E02869DB7D00ADEE4B /* HomepageTabBarController.swift in Sources */ = {isa = PBXBuildFile; fileRef = 1E6793DF2869DB7D00ADEE4B /* HomepageTabBarController.swift */; };
		1E6793E22869E91500ADEE4B /* LiveVehicleLocationsViewController.swift in Sources */ = {isa = PBXBuildFile; fileRef = 1E6793E12869E91500ADEE4B /* LiveVehicleLocationsViewController.swift */; };
		1E6793E42869E93400ADEE4B /* BusStationsViewController.swift in Sources */ = {isa = PBXBuildFile; fileRef = 1E6793E32869E93400ADEE4B /* BusStationsViewController.swift */; };
		1E6793E62869E94D00ADEE4B /* RoutesViewController.swift in Sources */ = {isa = PBXBuildFile; fileRef = 1E6793E52869E94D00ADEE4B /* RoutesViewController.swift */; };
		1E6793E82869E98B00ADEE4B /* CheckBalanceViewController.swift in Sources */ = {isa = PBXBuildFile; fileRef = 1E6793E72869E98B00ADEE4B /* CheckBalanceViewController.swift */; };
		1E6793F12869ED3A00ADEE4B /* AppNavigationController.swift in Sources */ = {isa = PBXBuildFile; fileRef = 1E6793F02869ED3A00ADEE4B /* AppNavigationController.swift */; };
		1E6793F32869F5FC00ADEE4B /* LoginViewController.swift in Sources */ = {isa = PBXBuildFile; fileRef = 1E6793F22869F5FC00ADEE4B /* LoginViewController.swift */; };
		1E6793F52869F60400ADEE4B /* RegisterViewController.swift in Sources */ = {isa = PBXBuildFile; fileRef = 1E6793F42869F60400ADEE4B /* RegisterViewController.swift */; };
		1E7EE05A286C43F200099938 /* BusStationsService.swift in Sources */ = {isa = PBXBuildFile; fileRef = 1E7EE059286C43F200099938 /* BusStationsService.swift */; };
		1E7EE05C286C441200099938 /* Endpoints.swift in Sources */ = {isa = PBXBuildFile; fileRef = 1E7EE05B286C441200099938 /* Endpoints.swift */; };
		1E7EE05F286C452600099938 /* BusStops.swift in Sources */ = {isa = PBXBuildFile; fileRef = 1E7EE05E286C452600099938 /* BusStops.swift */; };
		1E7EE061286C45AC00099938 /* BusStationsViewModel.swift in Sources */ = {isa = PBXBuildFile; fileRef = 1E7EE060286C45AC00099938 /* BusStationsViewModel.swift */; };
		1E7EE063286C639C00099938 /* SideMenuTableViewController.swift in Sources */ = {isa = PBXBuildFile; fileRef = 1E7EE062286C639C00099938 /* SideMenuTableViewController.swift */; };
		1E7EE065286C742100099938 /* GoogleService-Info.plist in Resources */ = {isa = PBXBuildFile; fileRef = 1E7EE064286C742100099938 /* GoogleService-Info.plist */; };
		1E80040F288E6CD400AE831A /* HowToGoPoint.swift in Sources */ = {isa = PBXBuildFile; fileRef = 1E80040E288E6CD400AE831A /* HowToGoPoint.swift */; };
		1E81033F28898DC800CC790D /* ResetPasswordViewController.swift in Sources */ = {isa = PBXBuildFile; fileRef = 1E81033E28898DC800CC790D /* ResetPasswordViewController.swift */; };
		1E986533288A7A3D009A6E82 /* UIImage+Extension.swift in Sources */ = {isa = PBXBuildFile; fileRef = 1E986532288A7A3D009A6E82 /* UIImage+Extension.swift */; };
		1E986535288AB9D5009A6E82 /* HowToGoViewController.swift in Sources */ = {isa = PBXBuildFile; fileRef = 1E986534288AB9D5009A6E82 /* HowToGoViewController.swift */; };
		1E986537288AC16C009A6E82 /* FloatingPanelContentTableViewController.swift in Sources */ = {isa = PBXBuildFile; fileRef = 1E986536288AC16C009A6E82 /* FloatingPanelContentTableViewController.swift */; };
		1E986539288ADCBC009A6E82 /* StopToStopTimetablesResult.swift in Sources */ = {isa = PBXBuildFile; fileRef = 1E986538288ADCBC009A6E82 /* StopToStopTimetablesResult.swift */; };
		1E98653B288ADE25009A6E82 /* HowToGoViewModel.swift in Sources */ = {isa = PBXBuildFile; fileRef = 1E98653A288ADE25009A6E82 /* HowToGoViewModel.swift */; };
		1EC7C5CA2878184C00E77614 /* BusAnnotation.swift in Sources */ = {isa = PBXBuildFile; fileRef = 1EC7C5C92878184C00E77614 /* BusAnnotation.swift */; };
		1EDB7AEE2872DFD300B511DD /* ASIS.xcdatamodeld in Sources */ = {isa = PBXBuildFile; fileRef = 1EDB7AEC2872DFD300B511DD /* ASIS.xcdatamodeld */; };
		1EDB7AF02872FFD400B511DD /* FavoritesTableViewController.swift in Sources */ = {isa = PBXBuildFile; fileRef = 1EDB7AEF2872FFD400B511DD /* FavoritesTableViewController.swift */; };
		1EF40B0328897AB60035C0E5 /* StopAnnotationView.swift in Sources */ = {isa = PBXBuildFile; fileRef = 1EF40B0228897AB60035C0E5 /* StopAnnotationView.swift */; };
		E5A5F288E7BA69A94B787446 /* Pods_ASIS.framework in Frameworks */ = {isa = PBXBuildFile; fileRef = 402C85286506A38AE4B36281 /* Pods_ASIS.framework */; };
/* End PBXBuildFile section */

/* Begin PBXFileReference section */
		1E12D43E286AD64D00E8A57B /* String+Extensions.swift */ = {isa = PBXFileReference; lastKnownFileType = sourcecode.swift; path = "String+Extensions.swift"; sourceTree = "<group>"; };
		1E12D440286AD70B00E8A57B /* tr */ = {isa = PBXFileReference; lastKnownFileType = text.plist.strings; name = tr; path = tr.lproj/LaunchScreen.strings; sourceTree = "<group>"; };
		1E12D444286AD75800E8A57B /* en */ = {isa = PBXFileReference; lastKnownFileType = text.plist.strings; name = en; path = en.lproj/Localizable.strings; sourceTree = "<group>"; };
		1E12D446286AD75D00E8A57B /* tr */ = {isa = PBXFileReference; lastKnownFileType = text.plist.strings; name = tr; path = tr.lproj/Localizable.strings; sourceTree = "<group>"; };
		1E12D448286AF22000E8A57B /* NFCHelper.swift */ = {isa = PBXFileReference; lastKnownFileType = sourcecode.swift; path = NFCHelper.swift; sourceTree = "<group>"; };
		1E321B462876C43500F88F32 /* background.png */ = {isa = PBXFileReference; lastKnownFileType = image.png; path = background.png; sourceTree = "<group>"; };
		1E321B482876C63000F88F32 /* welcome.png */ = {isa = PBXFileReference; lastKnownFileType = image.png; path = welcome.png; sourceTree = "<group>"; };
		1E321B542876D38B00F88F32 /* WalkthroughViewController.swift */ = {isa = PBXFileReference; lastKnownFileType = sourcecode.swift; path = WalkthroughViewController.swift; sourceTree = "<group>"; };
		1E321B64287707EA00F88F32 /* route-animated.gif */ = {isa = PBXFileReference; lastKnownFileType = image.gif; path = "route-animated.gif"; sourceTree = "<group>"; };
		1E321B65287707EA00F88F32 /* balance-animated.gif */ = {isa = PBXFileReference; lastKnownFileType = image.gif; path = "balance-animated.gif"; sourceTree = "<group>"; };
		1E321B66287707EA00F88F32 /* bus-animated.gif */ = {isa = PBXFileReference; lastKnownFileType = image.gif; path = "bus-animated.gif"; sourceTree = "<group>"; };
		1E321B67287707EA00F88F32 /* school-bus-animated.gif */ = {isa = PBXFileReference; lastKnownFileType = image.gif; path = "school-bus-animated.gif"; sourceTree = "<group>"; };
		1E321B68287707EA00F88F32 /* home-animated.gif */ = {isa = PBXFileReference; lastKnownFileType = image.gif; path = "home-animated.gif"; sourceTree = "<group>"; };
		1E321B6E287708DA00F88F32 /* Walk 2.png */ = {isa = PBXFileReference; lastKnownFileType = image.png; path = "Walk 2.png"; sourceTree = "<group>"; };
		1E321B6F287708DA00F88F32 /* Walk 4.png */ = {isa = PBXFileReference; lastKnownFileType = image.png; path = "Walk 4.png"; sourceTree = "<group>"; };
		1E321B70287708DA00F88F32 /* Walk 5.png */ = {isa = PBXFileReference; lastKnownFileType = image.png; path = "Walk 5.png"; sourceTree = "<group>"; };
		1E321B71287708DA00F88F32 /* Walk 1.png */ = {isa = PBXFileReference; lastKnownFileType = image.png; path = "Walk 1.png"; sourceTree = "<group>"; };
		1E321B72287708DA00F88F32 /* Walk 3.png */ = {isa = PBXFileReference; lastKnownFileType = image.png; path = "Walk 3.png"; sourceTree = "<group>"; };
		1E321B782877093C00F88F32 /* slide-animated.gif */ = {isa = PBXFileReference; lastKnownFileType = image.gif; path = "slide-animated.gif"; sourceTree = "<group>"; };
		1E321B7A287724E200F88F32 /* balloons-animated.gif */ = {isa = PBXFileReference; lastKnownFileType = image.gif; path = "balloons-animated.gif"; sourceTree = "<group>"; };
		1E326DE3286DE14E00AA6EB2 /* BusServices.swift */ = {isa = PBXFileReference; lastKnownFileType = sourcecode.swift; path = BusServices.swift; sourceTree = "<group>"; };
		1E326DE5286DE23E00AA6EB2 /* BusServicesViewModel.swift */ = {isa = PBXFileReference; lastKnownFileType = sourcecode.swift; path = BusServicesViewModel.swift; sourceTree = "<group>"; };
		1E326DE7286DE2A800AA6EB2 /* BusServicesService.swift */ = {isa = PBXFileReference; lastKnownFileType = sourcecode.swift; path = BusServicesService.swift; sourceTree = "<group>"; };
		1E33E21528893F5300624C27 /* credit-card.png */ = {isa = PBXFileReference; lastKnownFileType = image.png; path = "credit-card.png"; sourceTree = "<group>"; };
		1E33E21928896BB900624C27 /* BusAnnotationView.swift */ = {isa = PBXFileReference; lastKnownFileType = sourcecode.swift; path = BusAnnotationView.swift; sourceTree = "<group>"; };
		1E4CA900286EE75B001F5B6A /* RouteDetailsViewController.swift */ = {isa = PBXFileReference; lastKnownFileType = sourcecode.swift; path = RouteDetailsViewController.swift; sourceTree = "<group>"; };
		1E6081CB2887E35E00B69850 /* RouteDetailsViewModel.swift */ = {isa = PBXFileReference; lastKnownFileType = sourcecode.swift; path = RouteDetailsViewModel.swift; sourceTree = "<group>"; };
		1E62B761286B2CA200CD9F08 /* UITextField+Extension.swift */ = {isa = PBXFileReference; lastKnownFileType = sourcecode.swift; path = "UITextField+Extension.swift"; sourceTree = "<group>"; };
		1E62B763286B318800CD9F08 /* LiveVehicleLocation.swift */ = {isa = PBXFileReference; lastKnownFileType = sourcecode.swift; path = LiveVehicleLocation.swift; sourceTree = "<group>"; };
		1E62B765286B342600CD9F08 /* LiveVehicleLocationsService.swift */ = {isa = PBXFileReference; lastKnownFileType = sourcecode.swift; path = LiveVehicleLocationsService.swift; sourceTree = "<group>"; };
		1E62B767286B399400CD9F08 /* LiveVehicleLocationsViewModel.swift */ = {isa = PBXFileReference; lastKnownFileType = sourcecode.swift; path = LiveVehicleLocationsViewModel.swift; sourceTree = "<group>"; };
		1E6793B32869971C00ADEE4B /* ASIS.app */ = {isa = PBXFileReference; explicitFileType = wrapper.application; includeInIndex = 0; path = ASIS.app; sourceTree = BUILT_PRODUCTS_DIR; };
		1E6793B62869971C00ADEE4B /* AppDelegate.swift */ = {isa = PBXFileReference; lastKnownFileType = sourcecode.swift; path = AppDelegate.swift; sourceTree = "<group>"; };
		1E6793B82869971C00ADEE4B /* SceneDelegate.swift */ = {isa = PBXFileReference; lastKnownFileType = sourcecode.swift; path = SceneDelegate.swift; sourceTree = "<group>"; };
		1E6793C22869971D00ADEE4B /* Assets.xcassets */ = {isa = PBXFileReference; lastKnownFileType = folder.assetcatalog; path = Assets.xcassets; sourceTree = "<group>"; };
		1E6793C52869971D00ADEE4B /* Base */ = {isa = PBXFileReference; lastKnownFileType = file.storyboard; name = Base; path = Base.lproj/LaunchScreen.storyboard; sourceTree = "<group>"; };
		1E6793C72869971D00ADEE4B /* Info.plist */ = {isa = PBXFileReference; lastKnownFileType = text.plist.xml; path = Info.plist; sourceTree = "<group>"; };
		1E6793D52869C8A700ADEE4B /* HomepageViewController.swift */ = {isa = PBXFileReference; lastKnownFileType = sourcecode.swift; path = HomepageViewController.swift; sourceTree = "<group>"; };
		1E6793D72869C8DD00ADEE4B /* AccountSettingsViewController.swift */ = {isa = PBXFileReference; lastKnownFileType = sourcecode.swift; path = AccountSettingsViewController.swift; sourceTree = "<group>"; };
		1E6793D92869C8FF00ADEE4B /* LanguagePreferencesViewController.swift */ = {isa = PBXFileReference; lastKnownFileType = sourcecode.swift; path = LanguagePreferencesViewController.swift; sourceTree = "<group>"; };
		1E6793DF2869DB7D00ADEE4B /* HomepageTabBarController.swift */ = {isa = PBXFileReference; lastKnownFileType = sourcecode.swift; path = HomepageTabBarController.swift; sourceTree = "<group>"; };
		1E6793E12869E91500ADEE4B /* LiveVehicleLocationsViewController.swift */ = {isa = PBXFileReference; lastKnownFileType = sourcecode.swift; path = LiveVehicleLocationsViewController.swift; sourceTree = "<group>"; };
		1E6793E32869E93400ADEE4B /* BusStationsViewController.swift */ = {isa = PBXFileReference; lastKnownFileType = sourcecode.swift; path = BusStationsViewController.swift; sourceTree = "<group>"; };
		1E6793E52869E94D00ADEE4B /* RoutesViewController.swift */ = {isa = PBXFileReference; lastKnownFileType = sourcecode.swift; path = RoutesViewController.swift; sourceTree = "<group>"; };
		1E6793E72869E98B00ADEE4B /* CheckBalanceViewController.swift */ = {isa = PBXFileReference; lastKnownFileType = sourcecode.swift; path = CheckBalanceViewController.swift; sourceTree = "<group>"; };
		1E6793F02869ED3A00ADEE4B /* AppNavigationController.swift */ = {isa = PBXFileReference; lastKnownFileType = sourcecode.swift; path = AppNavigationController.swift; sourceTree = "<group>"; };
		1E6793F22869F5FC00ADEE4B /* LoginViewController.swift */ = {isa = PBXFileReference; lastKnownFileType = sourcecode.swift; path = LoginViewController.swift; sourceTree = "<group>"; };
		1E6793F42869F60400ADEE4B /* RegisterViewController.swift */ = {isa = PBXFileReference; lastKnownFileType = sourcecode.swift; path = RegisterViewController.swift; sourceTree = "<group>"; };
		1E7EE059286C43F200099938 /* BusStationsService.swift */ = {isa = PBXFileReference; lastKnownFileType = sourcecode.swift; path = BusStationsService.swift; sourceTree = "<group>"; };
		1E7EE05B286C441200099938 /* Endpoints.swift */ = {isa = PBXFileReference; lastKnownFileType = sourcecode.swift; path = Endpoints.swift; sourceTree = "<group>"; };
		1E7EE05E286C452600099938 /* BusStops.swift */ = {isa = PBXFileReference; lastKnownFileType = sourcecode.swift; path = BusStops.swift; sourceTree = "<group>"; };
		1E7EE060286C45AC00099938 /* BusStationsViewModel.swift */ = {isa = PBXFileReference; lastKnownFileType = sourcecode.swift; path = BusStationsViewModel.swift; sourceTree = "<group>"; };
		1E7EE062286C639C00099938 /* SideMenuTableViewController.swift */ = {isa = PBXFileReference; lastKnownFileType = sourcecode.swift; path = SideMenuTableViewController.swift; sourceTree = "<group>"; };
		1E7EE064286C742100099938 /* GoogleService-Info.plist */ = {isa = PBXFileReference; fileEncoding = 4; lastKnownFileType = text.plist.xml; path = "GoogleService-Info.plist"; sourceTree = "<group>"; };
		1E80040E288E6CD400AE831A /* HowToGoPoint.swift */ = {isa = PBXFileReference; lastKnownFileType = sourcecode.swift; path = HowToGoPoint.swift; sourceTree = "<group>"; };
		1E81033E28898DC800CC790D /* ResetPasswordViewController.swift */ = {isa = PBXFileReference; lastKnownFileType = sourcecode.swift; path = ResetPasswordViewController.swift; sourceTree = "<group>"; };
		1E986532288A7A3D009A6E82 /* UIImage+Extension.swift */ = {isa = PBXFileReference; lastKnownFileType = sourcecode.swift; path = "UIImage+Extension.swift"; sourceTree = "<group>"; };
		1E986534288AB9D5009A6E82 /* HowToGoViewController.swift */ = {isa = PBXFileReference; lastKnownFileType = sourcecode.swift; path = HowToGoViewController.swift; sourceTree = "<group>"; };
		1E986536288AC16C009A6E82 /* FloatingPanelContentTableViewController.swift */ = {isa = PBXFileReference; lastKnownFileType = sourcecode.swift; path = FloatingPanelContentTableViewController.swift; sourceTree = "<group>"; };
		1E986538288ADCBC009A6E82 /* StopToStopTimetablesResult.swift */ = {isa = PBXFileReference; lastKnownFileType = sourcecode.swift; path = StopToStopTimetablesResult.swift; sourceTree = "<group>"; };
		1E98653A288ADE25009A6E82 /* HowToGoViewModel.swift */ = {isa = PBXFileReference; lastKnownFileType = sourcecode.swift; path = HowToGoViewModel.swift; sourceTree = "<group>"; };
		1EC7C5C92878184C00E77614 /* BusAnnotation.swift */ = {isa = PBXFileReference; lastKnownFileType = sourcecode.swift; path = BusAnnotation.swift; sourceTree = "<group>"; };
		1EDB7AED2872DFD300B511DD /* ASIS.xcdatamodel */ = {isa = PBXFileReference; lastKnownFileType = wrapper.xcdatamodel; path = ASIS.xcdatamodel; sourceTree = "<group>"; };
		1EDB7AEF2872FFD400B511DD /* FavoritesTableViewController.swift */ = {isa = PBXFileReference; lastKnownFileType = sourcecode.swift; path = FavoritesTableViewController.swift; sourceTree = "<group>"; };
		1EF40B0228897AB60035C0E5 /* StopAnnotationView.swift */ = {isa = PBXFileReference; lastKnownFileType = sourcecode.swift; path = StopAnnotationView.swift; sourceTree = "<group>"; };
		24F990D64B42524131244907 /* Pods-ASIS.debug.xcconfig */ = {isa = PBXFileReference; includeInIndex = 1; lastKnownFileType = text.xcconfig; name = "Pods-ASIS.debug.xcconfig"; path = "Target Support Files/Pods-ASIS/Pods-ASIS.debug.xcconfig"; sourceTree = "<group>"; };
		402C85286506A38AE4B36281 /* Pods_ASIS.framework */ = {isa = PBXFileReference; explicitFileType = wrapper.framework; includeInIndex = 0; path = Pods_ASIS.framework; sourceTree = BUILT_PRODUCTS_DIR; };
		AA4779853F59F5467F038BEA /* Pods-ASIS.release.xcconfig */ = {isa = PBXFileReference; includeInIndex = 1; lastKnownFileType = text.xcconfig; name = "Pods-ASIS.release.xcconfig"; path = "Target Support Files/Pods-ASIS/Pods-ASIS.release.xcconfig"; sourceTree = "<group>"; };
/* End PBXFileReference section */

/* Begin PBXFrameworksBuildPhase section */
		1E6793B02869971C00ADEE4B /* Frameworks */ = {
			isa = PBXFrameworksBuildPhase;
			buildActionMask = 2147483647;
			files = (
				E5A5F288E7BA69A94B787446 /* Pods_ASIS.framework in Frameworks */,
			);
			runOnlyForDeploymentPostprocessing = 0;
		};
/* End PBXFrameworksBuildPhase section */

/* Begin PBXGroup section */
		1E12D43D286AD62F00E8A57B /* Extensions */ = {
			isa = PBXGroup;
			children = (
				1E12D43E286AD64D00E8A57B /* String+Extensions.swift */,
				1E62B761286B2CA200CD9F08 /* UITextField+Extension.swift */,
				1E986532288A7A3D009A6E82 /* UIImage+Extension.swift */,
			);
			path = Extensions;
			sourceTree = "<group>";
		};
		1E12D447286AF20F00E8A57B /* Helpers */ = {
			isa = PBXGroup;
			children = (
				1E12D448286AF22000E8A57B /* NFCHelper.swift */,
			);
			path = Helpers;
			sourceTree = "<group>";
		};
		1E4CA902286EE76A001F5B6A /* Routes */ = {
			isa = PBXGroup;
			children = (
				1E6793E52869E94D00ADEE4B /* RoutesViewController.swift */,
				1E4CA900286EE75B001F5B6A /* RouteDetailsViewController.swift */,
			);
			name = Routes;
			sourceTree = "<group>";
		};
		1E6793AA2869971C00ADEE4B = {
			isa = PBXGroup;
			children = (
				1EEF26B52875DA72005F8558 /* Images */,
				1E6793B52869971C00ADEE4B /* ASIS */,
				1E7EE064286C742100099938 /* GoogleService-Info.plist */,
				1E12D445286AD75800E8A57B /* Localizable.strings */,
				1E6793B42869971C00ADEE4B /* Products */,
				26D6CE67C83499E50E85684A /* Pods */,
				DC8E2756B7F159ECA1A1EBBB /* Frameworks */,
			);
			sourceTree = "<group>";
		};
		1E6793B42869971C00ADEE4B /* Products */ = {
			isa = PBXGroup;
			children = (
				1E6793B32869971C00ADEE4B /* ASIS.app */,
			);
			name = Products;
			sourceTree = "<group>";
		};
		1E6793B52869971C00ADEE4B /* ASIS */ = {
			isa = PBXGroup;
			children = (
				1E12D447286AF20F00E8A57B /* Helpers */,
				1E12D43D286AD62F00E8A57B /* Extensions */,
				1E6793DC2869CB7000ADEE4B /* Supporting Files */,
				1E6793D42869C85500ADEE4B /* Service */,
				1E6793D12869C73600ADEE4B /* Model */,
				1E6793D22869C74200ADEE4B /* View */,
				1E6793D32869C74800ADEE4B /* ViewModel */,
			);
			path = ASIS;
			sourceTree = "<group>";
		};
		1E6793D12869C73600ADEE4B /* Model */ = {
			isa = PBXGroup;
			children = (
				1E62B763286B318800CD9F08 /* LiveVehicleLocation.swift */,
				1E7EE05E286C452600099938 /* BusStops.swift */,
				1E326DE3286DE14E00AA6EB2 /* BusServices.swift */,
				1EC7C5C92878184C00E77614 /* BusAnnotation.swift */,
				1E986538288ADCBC009A6E82 /* StopToStopTimetablesResult.swift */,
				1E80040E288E6CD400AE831A /* HowToGoPoint.swift */,
			);
			path = Model;
			sourceTree = "<group>";
		};
		1E6793D22869C74200ADEE4B /* View */ = {
			isa = PBXGroup;
			children = (
				1E6793F62869F61800ADEE4B /* Auth */,
				1E6793EA2869E9AB00ADEE4B /* Home */,
				1E9F6FF22885423C00F1C48D /* Left Sidebar */,
				1E6793DF2869DB7D00ADEE4B /* HomepageTabBarController.swift */,
				1E6793F02869ED3A00ADEE4B /* AppNavigationController.swift */,
				1E7EE062286C639C00099938 /* SideMenuTableViewController.swift */,
				1EDB7AEF2872FFD400B511DD /* FavoritesTableViewController.swift */,
				1E321B542876D38B00F88F32 /* WalkthroughViewController.swift */,
				1E33E21928896BB900624C27 /* BusAnnotationView.swift */,
				1EF40B0228897AB60035C0E5 /* StopAnnotationView.swift */,
			);
			path = View;
			sourceTree = "<group>";
		};
		1E6793D32869C74800ADEE4B /* ViewModel */ = {
			isa = PBXGroup;
			children = (
				1E62B767286B399400CD9F08 /* LiveVehicleLocationsViewModel.swift */,
				1E7EE060286C45AC00099938 /* BusStationsViewModel.swift */,
				1E326DE5286DE23E00AA6EB2 /* BusServicesViewModel.swift */,
				1E6081CB2887E35E00B69850 /* RouteDetailsViewModel.swift */,
				1E98653A288ADE25009A6E82 /* HowToGoViewModel.swift */,
			);
			path = ViewModel;
			sourceTree = "<group>";
		};
		1E6793D42869C85500ADEE4B /* Service */ = {
			isa = PBXGroup;
			children = (
				1E62B765286B342600CD9F08 /* LiveVehicleLocationsService.swift */,
				1E7EE059286C43F200099938 /* BusStationsService.swift */,
				1E7EE05B286C441200099938 /* Endpoints.swift */,
				1E326DE7286DE2A800AA6EB2 /* BusServicesService.swift */,
			);
			path = Service;
			sourceTree = "<group>";
		};
		1E6793DC2869CB7000ADEE4B /* Supporting Files */ = {
			isa = PBXGroup;
			children = (
				1E6793B62869971C00ADEE4B /* AppDelegate.swift */,
				1E6793B82869971C00ADEE4B /* SceneDelegate.swift */,
				1E6793C22869971D00ADEE4B /* Assets.xcassets */,
				1E6793C42869971D00ADEE4B /* LaunchScreen.storyboard */,
				1E6793C72869971D00ADEE4B /* Info.plist */,
				1EDB7AEC2872DFD300B511DD /* ASIS.xcdatamodeld */,
			);
			path = "Supporting Files";
			sourceTree = "<group>";
		};
		1E6793EA2869E9AB00ADEE4B /* Home */ = {
			isa = PBXGroup;
			children = (
				1E6793D52869C8A700ADEE4B /* HomepageViewController.swift */,
				1E6793E32869E93400ADEE4B /* BusStationsViewController.swift */,
				1E6793E72869E98B00ADEE4B /* CheckBalanceViewController.swift */,
				1E6793E12869E91500ADEE4B /* LiveVehicleLocationsViewController.swift */,
				1E986534288AB9D5009A6E82 /* HowToGoViewController.swift */,
				1E986536288AC16C009A6E82 /* FloatingPanelContentTableViewController.swift */,
				1E4CA902286EE76A001F5B6A /* Routes */,
			);
			name = Home;
			sourceTree = "<group>";
		};
		1E6793F62869F61800ADEE4B /* Auth */ = {
			isa = PBXGroup;
			children = (
				1E6793F22869F5FC00ADEE4B /* LoginViewController.swift */,
				1E6793F42869F60400ADEE4B /* RegisterViewController.swift */,
				1E81033E28898DC800CC790D /* ResetPasswordViewController.swift */,
			);
			name = Auth;
			sourceTree = "<group>";
		};
		1E9F6FF22885423C00F1C48D /* Left Sidebar */ = {
			isa = PBXGroup;
			children = (
				1E6793D72869C8DD00ADEE4B /* AccountSettingsViewController.swift */,
				1E6793D92869C8FF00ADEE4B /* LanguagePreferencesViewController.swift */,
			);
			name = "Left Sidebar";
			sourceTree = "<group>";
		};
		1EEF26B52875DA72005F8558 /* Images */ = {
			isa = PBXGroup;
			children = (
				1E321B462876C43500F88F32 /* background.png */,
				1E321B482876C63000F88F32 /* welcome.png */,
				1E321B65287707EA00F88F32 /* balance-animated.gif */,
				1E321B66287707EA00F88F32 /* bus-animated.gif */,
				1E321B68287707EA00F88F32 /* home-animated.gif */,
				1E321B64287707EA00F88F32 /* route-animated.gif */,
				1E321B67287707EA00F88F32 /* school-bus-animated.gif */,
				1E321B782877093C00F88F32 /* slide-animated.gif */,
				1E321B7A287724E200F88F32 /* balloons-animated.gif */,
				1E321B71287708DA00F88F32 /* Walk 1.png */,
				1E321B6E287708DA00F88F32 /* Walk 2.png */,
				1E321B72287708DA00F88F32 /* Walk 3.png */,
				1E321B6F287708DA00F88F32 /* Walk 4.png */,
				1E321B70287708DA00F88F32 /* Walk 5.png */,
				1E33E21528893F5300624C27 /* credit-card.png */,
			);
			path = Images;
			sourceTree = "<group>";
		};
		26D6CE67C83499E50E85684A /* Pods */ = {
			isa = PBXGroup;
			children = (
				24F990D64B42524131244907 /* Pods-ASIS.debug.xcconfig */,
				AA4779853F59F5467F038BEA /* Pods-ASIS.release.xcconfig */,
			);
			path = Pods;
			sourceTree = "<group>";
		};
		DC8E2756B7F159ECA1A1EBBB /* Frameworks */ = {
			isa = PBXGroup;
			children = (
				402C85286506A38AE4B36281 /* Pods_ASIS.framework */,
			);
			name = Frameworks;
			sourceTree = "<group>";
		};
/* End PBXGroup section */

/* Begin PBXNativeTarget section */
		1E6793B22869971C00ADEE4B /* ASIS */ = {
			isa = PBXNativeTarget;
			buildConfigurationList = 1E6793CA2869971D00ADEE4B /* Build configuration list for PBXNativeTarget "ASIS" */;
			buildPhases = (
				8A3A9299329077364FF6DE58 /* [CP] Check Pods Manifest.lock */,
				1E6793AF2869971C00ADEE4B /* Sources */,
				1E6793B02869971C00ADEE4B /* Frameworks */,
				1E6793B12869971C00ADEE4B /* Resources */,
				1EFAA0BC286C82F200039084 /* ShellScript */,
				992857B2D2986E177E687983 /* [CP] Embed Pods Frameworks */,
			);
			buildRules = (
			);
			dependencies = (
			);
			name = ASIS;
			productName = ASIS;
			productReference = 1E6793B32869971C00ADEE4B /* ASIS.app */;
			productType = "com.apple.product-type.application";
		};
/* End PBXNativeTarget section */

/* Begin PBXProject section */
		1E6793AB2869971C00ADEE4B /* Project object */ = {
			isa = PBXProject;
			attributes = {
				BuildIndependentTargetsInParallel = 1;
				LastSwiftUpdateCheck = 1340;
				LastUpgradeCheck = 1340;
				TargetAttributes = {
					1E6793B22869971C00ADEE4B = {
						CreatedOnToolsVersion = 13.4.1;
					};
				};
			};
			buildConfigurationList = 1E6793AE2869971C00ADEE4B /* Build configuration list for PBXProject "ASIS" */;
			compatibilityVersion = "Xcode 13.0";
			developmentRegion = en;
			hasScannedForEncodings = 0;
			knownRegions = (
				en,
				Base,
				tr,
			);
			mainGroup = 1E6793AA2869971C00ADEE4B;
			productRefGroup = 1E6793B42869971C00ADEE4B /* Products */;
			projectDirPath = "";
			projectRoot = "";
			targets = (
				1E6793B22869971C00ADEE4B /* ASIS */,
			);
		};
/* End PBXProject section */

/* Begin PBXResourcesBuildPhase section */
		1E6793B12869971C00ADEE4B /* Resources */ = {
			isa = PBXResourcesBuildPhase;
			buildActionMask = 2147483647;
			files = (
				1E321B492876C63100F88F32 /* welcome.png in Resources */,
				1E6793C62869971D00ADEE4B /* LaunchScreen.storyboard in Resources */,
				1E321B792877093D00F88F32 /* slide-animated.gif in Resources */,
				1E321B73287708DA00F88F32 /* Walk 2.png in Resources */,
				1E321B75287708DA00F88F32 /* Walk 5.png in Resources */,
				1E321B472876C43500F88F32 /* background.png in Resources */,
				1E321B6A287707EA00F88F32 /* balance-animated.gif in Resources */,
				1E321B7B287724E200F88F32 /* balloons-animated.gif in Resources */,
				1E321B6C287707EA00F88F32 /* school-bus-animated.gif in Resources */,
				1E321B74287708DA00F88F32 /* Walk 4.png in Resources */,
				1E7EE065286C742100099938 /* GoogleService-Info.plist in Resources */,
				1E33E21628893F5300624C27 /* credit-card.png in Resources */,
				1E321B69287707EA00F88F32 /* route-animated.gif in Resources */,
				1E12D443286AD75800E8A57B /* Localizable.strings in Resources */,
				1E321B6B287707EA00F88F32 /* bus-animated.gif in Resources */,
				1E321B76287708DA00F88F32 /* Walk 1.png in Resources */,
				1E321B6D287707EA00F88F32 /* home-animated.gif in Resources */,
				1E6793C32869971D00ADEE4B /* Assets.xcassets in Resources */,
				1E321B77287708DA00F88F32 /* Walk 3.png in Resources */,
			);
			runOnlyForDeploymentPostprocessing = 0;
		};
/* End PBXResourcesBuildPhase section */

/* Begin PBXShellScriptBuildPhase section */
		1EFAA0BC286C82F200039084 /* ShellScript */ = {
			isa = PBXShellScriptBuildPhase;
			buildActionMask = 2147483647;
			files = (
			);
			inputFileListPaths = (
			);
			inputPaths = (
				"${DWARF_DSYM_FOLDER_PATH}/${DWARF_DSYM_FILE_NAME}/Contents/Resources/DWARF/${TARGET_NAME}",
				"$(SRCROOT)/$(BUILT_PRODUCTS_DIR)/$(INFOPLIST_PATH)",
			);
			outputFileListPaths = (
			);
			outputPaths = (
			);
			runOnlyForDeploymentPostprocessing = 0;
			shellPath = /bin/sh;
			shellScript = "# Type a script or drag a script file from your workspace to insert its path.\n\"${PODS_ROOT}/FirebaseCrashlytics/run\"\n\n";
		};
		8A3A9299329077364FF6DE58 /* [CP] Check Pods Manifest.lock */ = {
			isa = PBXShellScriptBuildPhase;
			buildActionMask = 2147483647;
			files = (
			);
			inputFileListPaths = (
			);
			inputPaths = (
				"${PODS_PODFILE_DIR_PATH}/Podfile.lock",
				"${PODS_ROOT}/Manifest.lock",
			);
			name = "[CP] Check Pods Manifest.lock";
			outputFileListPaths = (
			);
			outputPaths = (
				"$(DERIVED_FILE_DIR)/Pods-ASIS-checkManifestLockResult.txt",
			);
			runOnlyForDeploymentPostprocessing = 0;
			shellPath = /bin/sh;
			shellScript = "diff \"${PODS_PODFILE_DIR_PATH}/Podfile.lock\" \"${PODS_ROOT}/Manifest.lock\" > /dev/null\nif [ $? != 0 ] ; then\n    # print error to STDERR\n    echo \"error: The sandbox is not in sync with the Podfile.lock. Run 'pod install' or update your CocoaPods installation.\" >&2\n    exit 1\nfi\n# This output is used by Xcode 'outputs' to avoid re-running this script phase.\necho \"SUCCESS\" > \"${SCRIPT_OUTPUT_FILE_0}\"\n";
			showEnvVarsInLog = 0;
		};
		992857B2D2986E177E687983 /* [CP] Embed Pods Frameworks */ = {
			isa = PBXShellScriptBuildPhase;
			buildActionMask = 2147483647;
			files = (
			);
			inputFileListPaths = (
				"${PODS_ROOT}/Target Support Files/Pods-ASIS/Pods-ASIS-frameworks-${CONFIGURATION}-input-files.xcfilelist",
			);
			name = "[CP] Embed Pods Frameworks";
			outputFileListPaths = (
				"${PODS_ROOT}/Target Support Files/Pods-ASIS/Pods-ASIS-frameworks-${CONFIGURATION}-output-files.xcfilelist",
			);
			runOnlyForDeploymentPostprocessing = 0;
			shellPath = /bin/sh;
			shellScript = "\"${PODS_ROOT}/Target Support Files/Pods-ASIS/Pods-ASIS-frameworks.sh\"\n";
			showEnvVarsInLog = 0;
		};
/* End PBXShellScriptBuildPhase section */

/* Begin PBXSourcesBuildPhase section */
		1E6793AF2869971C00ADEE4B /* Sources */ = {
			isa = PBXSourcesBuildPhase;
			buildActionMask = 2147483647;
			files = (
				1E33E21A28896BB900624C27 /* BusAnnotationView.swift in Sources */,
				1E4CA901286EE75C001F5B6A /* RouteDetailsViewController.swift in Sources */,
				1E12D449286AF22000E8A57B /* NFCHelper.swift in Sources */,
				1E7EE05F286C452600099938 /* BusStops.swift in Sources */,
				1EDB7AF02872FFD400B511DD /* FavoritesTableViewController.swift in Sources */,
				1E6793E42869E93400ADEE4B /* BusStationsViewController.swift in Sources */,
				1EF40B0328897AB60035C0E5 /* StopAnnotationView.swift in Sources */,
				1E7EE063286C639C00099938 /* SideMenuTableViewController.swift in Sources */,
				1E6793E82869E98B00ADEE4B /* CheckBalanceViewController.swift in Sources */,
				1E6793E02869DB7D00ADEE4B /* HomepageTabBarController.swift in Sources */,
				1E98653B288ADE25009A6E82 /* HowToGoViewModel.swift in Sources */,
				1E62B764286B318800CD9F08 /* LiveVehicleLocation.swift in Sources */,
				1E7EE05A286C43F200099938 /* BusStationsService.swift in Sources */,
				1E6081CC2887E35E00B69850 /* RouteDetailsViewModel.swift in Sources */,
				1E62B768286B399400CD9F08 /* LiveVehicleLocationsViewModel.swift in Sources */,
				1E326DE8286DE2A800AA6EB2 /* BusServicesService.swift in Sources */,
				1E321B552876D38B00F88F32 /* WalkthroughViewController.swift in Sources */,
				1E6793E62869E94D00ADEE4B /* RoutesViewController.swift in Sources */,
				1E326DE6286DE23E00AA6EB2 /* BusServicesViewModel.swift in Sources */,
				1E6793B72869971C00ADEE4B /* AppDelegate.swift in Sources */,
				1E80040F288E6CD400AE831A /* HowToGoPoint.swift in Sources */,
				1E7EE05C286C441200099938 /* Endpoints.swift in Sources */,
				1E326DE4286DE14E00AA6EB2 /* BusServices.swift in Sources */,
				1E6793B92869971C00ADEE4B /* SceneDelegate.swift in Sources */,
				1E986539288ADCBC009A6E82 /* StopToStopTimetablesResult.swift in Sources */,
				1EC7C5CA2878184C00E77614 /* BusAnnotation.swift in Sources */,
				1E6793DA2869C8FF00ADEE4B /* LanguagePreferencesViewController.swift in Sources */,
				1E6793D62869C8A700ADEE4B /* HomepageViewController.swift in Sources */,
				1E6793F52869F60400ADEE4B /* RegisterViewController.swift in Sources */,
				1E7EE061286C45AC00099938 /* BusStationsViewModel.swift in Sources */,
				1E81033F28898DC800CC790D /* ResetPasswordViewController.swift in Sources */,
				1E986535288AB9D5009A6E82 /* HowToGoViewController.swift in Sources */,
				1EDB7AEE2872DFD300B511DD /* ASIS.xcdatamodeld in Sources */,
				1E12D43F286AD64D00E8A57B /* String+Extensions.swift in Sources */,
				1E62B766286B342600CD9F08 /* LiveVehicleLocationsService.swift in Sources */,
				1E986533288A7A3D009A6E82 /* UIImage+Extension.swift in Sources */,
				1E6793F12869ED3A00ADEE4B /* AppNavigationController.swift in Sources */,
				1E6793E22869E91500ADEE4B /* LiveVehicleLocationsViewController.swift in Sources */,
				1E6793F32869F5FC00ADEE4B /* LoginViewController.swift in Sources */,
				1E6793D82869C8DD00ADEE4B /* AccountSettingsViewController.swift in Sources */,
				1E62B762286B2CA200CD9F08 /* UITextField+Extension.swift in Sources */,
				1E986537288AC16C009A6E82 /* FloatingPanelContentTableViewController.swift in Sources */,
			);
			runOnlyForDeploymentPostprocessing = 0;
		};
/* End PBXSourcesBuildPhase section */

/* Begin PBXVariantGroup section */
		1E12D445286AD75800E8A57B /* Localizable.strings */ = {
			isa = PBXVariantGroup;
			children = (
				1E12D444286AD75800E8A57B /* en */,
				1E12D446286AD75D00E8A57B /* tr */,
			);
			name = Localizable.strings;
			sourceTree = "<group>";
		};
		1E6793C42869971D00ADEE4B /* LaunchScreen.storyboard */ = {
			isa = PBXVariantGroup;
			children = (
				1E6793C52869971D00ADEE4B /* Base */,
				1E12D440286AD70B00E8A57B /* tr */,
			);
			name = LaunchScreen.storyboard;
			sourceTree = "<group>";
		};
/* End PBXVariantGroup section */

/* Begin XCBuildConfiguration section */
		1E6793C82869971D00ADEE4B /* Debug */ = {
			isa = XCBuildConfiguration;
			buildSettings = {
				ALWAYS_SEARCH_USER_PATHS = NO;
				CLANG_ANALYZER_LOCALIZABILITY_NONLOCALIZED = YES;
				CLANG_ANALYZER_NONNULL = YES;
				CLANG_ANALYZER_NUMBER_OBJECT_CONVERSION = YES_AGGRESSIVE;
				CLANG_CXX_LANGUAGE_STANDARD = "gnu++17";
				CLANG_ENABLE_MODULES = YES;
				CLANG_ENABLE_OBJC_ARC = YES;
				CLANG_ENABLE_OBJC_WEAK = YES;
				CLANG_WARN_BLOCK_CAPTURE_AUTORELEASING = YES;
				CLANG_WARN_BOOL_CONVERSION = YES;
				CLANG_WARN_COMMA = YES;
				CLANG_WARN_CONSTANT_CONVERSION = YES;
				CLANG_WARN_DEPRECATED_OBJC_IMPLEMENTATIONS = YES;
				CLANG_WARN_DIRECT_OBJC_ISA_USAGE = YES_ERROR;
				CLANG_WARN_DOCUMENTATION_COMMENTS = YES;
				CLANG_WARN_EMPTY_BODY = YES;
				CLANG_WARN_ENUM_CONVERSION = YES;
				CLANG_WARN_INFINITE_RECURSION = YES;
				CLANG_WARN_INT_CONVERSION = YES;
				CLANG_WARN_NON_LITERAL_NULL_CONVERSION = YES;
				CLANG_WARN_OBJC_IMPLICIT_RETAIN_SELF = YES;
				CLANG_WARN_OBJC_LITERAL_CONVERSION = YES;
				CLANG_WARN_OBJC_ROOT_CLASS = YES_ERROR;
				CLANG_WARN_QUOTED_INCLUDE_IN_FRAMEWORK_HEADER = YES;
				CLANG_WARN_RANGE_LOOP_ANALYSIS = YES;
				CLANG_WARN_STRICT_PROTOTYPES = YES;
				CLANG_WARN_SUSPICIOUS_MOVE = YES;
				CLANG_WARN_UNGUARDED_AVAILABILITY = YES_AGGRESSIVE;
				CLANG_WARN_UNREACHABLE_CODE = YES;
				CLANG_WARN__DUPLICATE_METHOD_MATCH = YES;
				COPY_PHASE_STRIP = NO;
				DEBUG_INFORMATION_FORMAT = dwarf;
				ENABLE_STRICT_OBJC_MSGSEND = YES;
				ENABLE_TESTABILITY = YES;
				GCC_C_LANGUAGE_STANDARD = gnu11;
				GCC_DYNAMIC_NO_PIC = NO;
				GCC_NO_COMMON_BLOCKS = YES;
				GCC_OPTIMIZATION_LEVEL = 0;
				GCC_PREPROCESSOR_DEFINITIONS = (
					"DEBUG=1",
					"$(inherited)",
				);
				GCC_WARN_64_TO_32_BIT_CONVERSION = YES;
				GCC_WARN_ABOUT_RETURN_TYPE = YES_ERROR;
				GCC_WARN_UNDECLARED_SELECTOR = YES;
				GCC_WARN_UNINITIALIZED_AUTOS = YES_AGGRESSIVE;
				GCC_WARN_UNUSED_FUNCTION = YES;
				GCC_WARN_UNUSED_VARIABLE = YES;
				IPHONEOS_DEPLOYMENT_TARGET = 13.0;
				MTL_ENABLE_DEBUG_INFO = INCLUDE_SOURCE;
				MTL_FAST_MATH = YES;
				ONLY_ACTIVE_ARCH = YES;
				SDKROOT = iphoneos;
				SWIFT_ACTIVE_COMPILATION_CONDITIONS = DEBUG;
				SWIFT_OPTIMIZATION_LEVEL = "-Onone";
			};
			name = Debug;
		};
		1E6793C92869971D00ADEE4B /* Release */ = {
			isa = XCBuildConfiguration;
			buildSettings = {
				ALWAYS_SEARCH_USER_PATHS = NO;
				CLANG_ANALYZER_LOCALIZABILITY_NONLOCALIZED = YES;
				CLANG_ANALYZER_NONNULL = YES;
				CLANG_ANALYZER_NUMBER_OBJECT_CONVERSION = YES_AGGRESSIVE;
				CLANG_CXX_LANGUAGE_STANDARD = "gnu++17";
				CLANG_ENABLE_MODULES = YES;
				CLANG_ENABLE_OBJC_ARC = YES;
				CLANG_ENABLE_OBJC_WEAK = YES;
				CLANG_WARN_BLOCK_CAPTURE_AUTORELEASING = YES;
				CLANG_WARN_BOOL_CONVERSION = YES;
				CLANG_WARN_COMMA = YES;
				CLANG_WARN_CONSTANT_CONVERSION = YES;
				CLANG_WARN_DEPRECATED_OBJC_IMPLEMENTATIONS = YES;
				CLANG_WARN_DIRECT_OBJC_ISA_USAGE = YES_ERROR;
				CLANG_WARN_DOCUMENTATION_COMMENTS = YES;
				CLANG_WARN_EMPTY_BODY = YES;
				CLANG_WARN_ENUM_CONVERSION = YES;
				CLANG_WARN_INFINITE_RECURSION = YES;
				CLANG_WARN_INT_CONVERSION = YES;
				CLANG_WARN_NON_LITERAL_NULL_CONVERSION = YES;
				CLANG_WARN_OBJC_IMPLICIT_RETAIN_SELF = YES;
				CLANG_WARN_OBJC_LITERAL_CONVERSION = YES;
				CLANG_WARN_OBJC_ROOT_CLASS = YES_ERROR;
				CLANG_WARN_QUOTED_INCLUDE_IN_FRAMEWORK_HEADER = YES;
				CLANG_WARN_RANGE_LOOP_ANALYSIS = YES;
				CLANG_WARN_STRICT_PROTOTYPES = YES;
				CLANG_WARN_SUSPICIOUS_MOVE = YES;
				CLANG_WARN_UNGUARDED_AVAILABILITY = YES_AGGRESSIVE;
				CLANG_WARN_UNREACHABLE_CODE = YES;
				CLANG_WARN__DUPLICATE_METHOD_MATCH = YES;
				COPY_PHASE_STRIP = NO;
				DEBUG_INFORMATION_FORMAT = "dwarf-with-dsym";
				ENABLE_NS_ASSERTIONS = NO;
				ENABLE_STRICT_OBJC_MSGSEND = YES;
				GCC_C_LANGUAGE_STANDARD = gnu11;
				GCC_NO_COMMON_BLOCKS = YES;
				GCC_WARN_64_TO_32_BIT_CONVERSION = YES;
				GCC_WARN_ABOUT_RETURN_TYPE = YES_ERROR;
				GCC_WARN_UNDECLARED_SELECTOR = YES;
				GCC_WARN_UNINITIALIZED_AUTOS = YES_AGGRESSIVE;
				GCC_WARN_UNUSED_FUNCTION = YES;
				GCC_WARN_UNUSED_VARIABLE = YES;
				IPHONEOS_DEPLOYMENT_TARGET = 13.0;
				MTL_ENABLE_DEBUG_INFO = NO;
				MTL_FAST_MATH = YES;
				SDKROOT = iphoneos;
				SWIFT_COMPILATION_MODE = wholemodule;
				SWIFT_OPTIMIZATION_LEVEL = "-O";
				VALIDATE_PRODUCT = YES;
			};
			name = Release;
		};
		1E6793CB2869971D00ADEE4B /* Debug */ = {
			isa = XCBuildConfiguration;
			baseConfigurationReference = 24F990D64B42524131244907 /* Pods-ASIS.debug.xcconfig */;
			buildSettings = {
				ASSETCATALOG_COMPILER_APPICON_NAME = AppIcon;
				ASSETCATALOG_COMPILER_GLOBAL_ACCENT_COLOR_NAME = AccentColor;
				CODE_SIGN_STYLE = Automatic;
				CURRENT_PROJECT_VERSION = 1;
				DEBUG_INFORMATION_FORMAT = "dwarf-with-dsym";
				DEVELOPMENT_TEAM = W35MT3Z3FQ;
				"EXCLUDED_ARCHS[sdk=*]" = "";
				GENERATE_INFOPLIST_FILE = YES;
				INFOPLIST_FILE = "ASIS/Supporting Files/Info.plist";
				INFOPLIST_KEY_NFCReaderUsageDescription = "We need that permission to scan your NFC device";
				INFOPLIST_KEY_NSLocationWhenInUseUsageDescription = "Please, give that permission to see your location on the map";
				INFOPLIST_KEY_UIApplicationSupportsIndirectInputEvents = YES;
				INFOPLIST_KEY_UILaunchStoryboardName = LaunchScreen;
				INFOPLIST_KEY_UISupportedInterfaceOrientations = "";
				INFOPLIST_KEY_UISupportedInterfaceOrientations_iPad = "UIInterfaceOrientationPortrait UIInterfaceOrientationPortraitUpsideDown UIInterfaceOrientationLandscapeLeft UIInterfaceOrientationLandscapeRight";
				INFOPLIST_KEY_UISupportedInterfaceOrientations_iPhone = "UIInterfaceOrientationPortrait UIInterfaceOrientationLandscapeLeft UIInterfaceOrientationLandscapeRight";
				LD_RUNPATH_SEARCH_PATHS = (
					"$(inherited)",
					"@executable_path/Frameworks",
				);
				MARKETING_VERSION = 1.0;
				PRODUCT_BUNDLE_IDENTIFIER = com.emirhankarahan.ASIS;
				PRODUCT_NAME = "$(TARGET_NAME)";
				SWIFT_EMIT_LOC_STRINGS = YES;
				SWIFT_VERSION = 5.0;
				TARGETED_DEVICE_FAMILY = "1,2";
			};
			name = Debug;
		};
		1E6793CC2869971D00ADEE4B /* Release */ = {
			isa = XCBuildConfiguration;
			baseConfigurationReference = AA4779853F59F5467F038BEA /* Pods-ASIS.release.xcconfig */;
			buildSettings = {
				ASSETCATALOG_COMPILER_APPICON_NAME = AppIcon;
				ASSETCATALOG_COMPILER_GLOBAL_ACCENT_COLOR_NAME = AccentColor;
				CODE_SIGN_STYLE = Automatic;
				CURRENT_PROJECT_VERSION = 1;
				DEVELOPMENT_TEAM = W35MT3Z3FQ;
				GENERATE_INFOPLIST_FILE = YES;
				INFOPLIST_FILE = "ASIS/Supporting Files/Info.plist";
				INFOPLIST_KEY_NFCReaderUsageDescription = "We need that permission to scan your NFC device";
				INFOPLIST_KEY_NSLocationWhenInUseUsageDescription = "Please, give that permission to see your location on the map";
				INFOPLIST_KEY_UIApplicationSupportsIndirectInputEvents = YES;
				INFOPLIST_KEY_UILaunchStoryboardName = LaunchScreen;
				INFOPLIST_KEY_UISupportedInterfaceOrientations = "";
				INFOPLIST_KEY_UISupportedInterfaceOrientations_iPad = "UIInterfaceOrientationPortrait UIInterfaceOrientationPortraitUpsideDown UIInterfaceOrientationLandscapeLeft UIInterfaceOrientationLandscapeRight";
				INFOPLIST_KEY_UISupportedInterfaceOrientations_iPhone = "UIInterfaceOrientationPortrait UIInterfaceOrientationLandscapeLeft UIInterfaceOrientationLandscapeRight";
				LD_RUNPATH_SEARCH_PATHS = (
					"$(inherited)",
					"@executable_path/Frameworks",
				);
				MARKETING_VERSION = 1.0;
				PRODUCT_BUNDLE_IDENTIFIER = com.emirhankarahan.ASIS;
				PRODUCT_NAME = "$(TARGET_NAME)";
				SWIFT_EMIT_LOC_STRINGS = YES;
				SWIFT_VERSION = 5.0;
				TARGETED_DEVICE_FAMILY = "1,2";
			};
			name = Release;
		};
/* End XCBuildConfiguration section */

/* Begin XCConfigurationList section */
		1E6793AE2869971C00ADEE4B /* Build configuration list for PBXProject "ASIS" */ = {
			isa = XCConfigurationList;
			buildConfigurations = (
				1E6793C82869971D00ADEE4B /* Debug */,
				1E6793C92869971D00ADEE4B /* Release */,
			);
			defaultConfigurationIsVisible = 0;
			defaultConfigurationName = Release;
		};
		1E6793CA2869971D00ADEE4B /* Build configuration list for PBXNativeTarget "ASIS" */ = {
			isa = XCConfigurationList;
			buildConfigurations = (
				1E6793CB2869971D00ADEE4B /* Debug */,
				1E6793CC2869971D00ADEE4B /* Release */,
			);
			defaultConfigurationIsVisible = 0;
			defaultConfigurationName = Release;
		};
/* End XCConfigurationList section */

/* Begin XCVersionGroup section */
		1EDB7AEC2872DFD300B511DD /* ASIS.xcdatamodeld */ = {
			isa = XCVersionGroup;
			children = (
				1EDB7AED2872DFD300B511DD /* ASIS.xcdatamodel */,
			);
			currentVersion = 1EDB7AED2872DFD300B511DD /* ASIS.xcdatamodel */;
			path = ASIS.xcdatamodeld;
			sourceTree = "<group>";
			versionGroupType = wrapper.xcdatamodel;
		};
/* End XCVersionGroup section */
	};
	rootObject = 1E6793AB2869971C00ADEE4B /* Project object */;
}
